
Microsoft Visual Studio Solution File, Format Version 12.00
# Visual Studio 14
VisualStudioVersion = 14.0.23107.0
MinimumVisualStudioVersion = 10.0.40219.1
Project("{FAE04EC0-301F-11D3-BF4B-00C04F79EFBC}") = "IdentityServer", "IdentityServer\IdentityServer.csproj", "{69BA20A4-E2A4-4DF6-8560-47E7EA0A60D4}"
EndProject
Project("{FAE04EC0-301F-11D3-BF4B-00C04F79EFBC}") = "Core", "Core\Core.csproj", "{FB9E026E-BAB3-498A-A954-B93B05C146A5}"
EndProject
Project("{FAE04EC0-301F-11D3-BF4B-00C04F79EFBC}") = "WebApiSample", "Samples\WebApiSample\WebApiSample.csproj", "{487DBBB4-5462-485D-89F2-C57B4D2B134A}"
EndProject
Project("{FAE04EC0-301F-11D3-BF4B-00C04F79EFBC}") = "AccessTokenValidation", "AccessTokenValidation\AccessTokenValidation.csproj", "{DF867B5D-3A9E-443A-B95E-D8F11E2A88A3}"
EndProject
Project("{FAE04EC0-301F-11D3-BF4B-00C04F79EFBC}") = "ConsoleClientSample", "Samples\ConsoleClientSample\ConsoleClientSample.csproj", "{AD18E899-89C1-4101-8D68-56674BA9D483}"
EndProject
Project("{2150E333-8FDC-42A3-9474-1A3956D46DE8}") = "Samples", "Samples", "{F8158B11-8616-441F-BD8D-C7AF76B7F608}"
EndProject
Project("{2150E333-8FDC-42A3-9474-1A3956D46DE8}") = "IdentityModel", "IdentityModel", "{C302C5B6-90F4-48AA-A2A3-023E96ACE59A}"
EndProject
Project("{FAE04EC0-301F-11D3-BF4B-00C04F79EFBC}") = "Client.Net45", "IdentityModel\Client.Net45\Client.Net45.csproj", "{683B2B88-8DFE-4D09-B43E-269CAF1DA2C7}"
EndProject
Project("{D954291E-2A0B-460D-934E-DC6B0785DB48}") = "Client.Shared", "IdentityModel\Client.Shared\Client.Shared.shproj", "{917EB5F1-D71F-4E4F-97A6-C68704478B01}"
EndProject
Project("{FAE04EC0-301F-11D3-BF4B-00C04F79EFBC}") = "Core", "IdentityModel\Core\Core.csproj", "{7FAD936F-3F5C-4D31-B733-0B76AE4D1034}"
EndProject
Project("{FAE04EC0-301F-11D3-BF4B-00C04F79EFBC}") = "EmbeddedSts", "IdentityModel\EmbeddedSts\EmbeddedSts.csproj", "{408440E6-E84F-4ECD-AEBA-F3D963EAC166}"
EndProject
Project("{FAE04EC0-301F-11D3-BF4B-00C04F79EFBC}") = "Hawk", "IdentityModel\Hawk\Hawk.csproj", "{98905541-49D5-44E1-BA0A-6AE9AE0CCB66}"
EndProject
Project("{FAE04EC0-301F-11D3-BF4B-00C04F79EFBC}") = "Owin", "IdentityModel\Owin\Owin.csproj", "{2AFD23F2-D3DF-4A25-A851-817E736318FA}"
EndProject
Project("{FAE04EC0-301F-11D3-BF4B-00C04F79EFBC}") = "Owin.BasicAuthentication", "IdentityModel\Owin.BasicAuthentication\Owin.BasicAuthentication.csproj", "{20C35BA9-0C51-44E2-9871-0CA7CFAED835}"
EndProject
Project("{FAE04EC0-301F-11D3-BF4B-00C04F79EFBC}") = "Owin.ClaimsTransformation", "IdentityModel\Owin.ClaimsTransformation\Owin.ClaimsTransformation.csproj", "{78C4352E-386D-4B7E-A1AA-01F77ABB27A9}"
EndProject
Project("{FAE04EC0-301F-11D3-BF4B-00C04F79EFBC}") = "Owin.ClientCertificates", "IdentityModel\Owin.ClientCertificates\Owin.ClientCertificates.csproj", "{FE64BC6B-ED46-4712-A2A0-29DAB8182313}"
EndProject
Project("{FAE04EC0-301F-11D3-BF4B-00C04F79EFBC}") = "Owin.RequireSsl", "IdentityModel\Owin.RequireSsl\Owin.RequireSsl.csproj", "{70D7B120-A68B-43F3-8317-398C36B1B491}"
EndProject
Project("{FAE04EC0-301F-11D3-BF4B-00C04F79EFBC}") = "Owin.ResourceAuthorization", "IdentityModel\Owin.ResourceAuthorization\Owin.ResourceAuthorization.csproj", "{8FFA817F-8520-4F90-BE41-A38EB4CBA73D}"
EndProject
Project("{FAE04EC0-301F-11D3-BF4B-00C04F79EFBC}") = "Owin.ResourceAuthorization.Mvc", "IdentityModel\Owin.ResourceAuthorization.Mvc\Owin.ResourceAuthorization.Mvc.csproj", "{35EEF778-E1E2-4C99-82A4-08014401ADC4}"
EndProject
Project("{FAE04EC0-301F-11D3-BF4B-00C04F79EFBC}") = "Owin.ResourceAuthorization.Tests", "IdentityModel\Owin.ResourceAuthorization.Tests\Owin.ResourceAuthorization.Tests.csproj", "{0E511140-3307-48D3-BDEC-A841D250D00B}"
EndProject
Project("{FAE04EC0-301F-11D3-BF4B-00C04F79EFBC}") = "Owin.ResourceAuthorization.WebApi", "IdentityModel\Owin.ResourceAuthorization.WebApi\Owin.ResourceAuthorization.WebApi.csproj", "{6735238C-6066-4924-A0AC-81669AA87744}"
EndProject
Project("{FAE04EC0-301F-11D3-BF4B-00C04F79EFBC}") = "Owin.ScopeValidation", "IdentityModel\Owin.ScopeValidation\Owin.ScopeValidation.csproj", "{D2D4FED1-5FCE-4CDA-BA24-0D15D874104B}"
EndProject
Project("{FAE04EC0-301F-11D3-BF4B-00C04F79EFBC}") = "Swt", "IdentityModel\Swt\Swt.csproj", "{75CC1E99-3401-4E71-855F-842C80BA3B3D}"
EndProject
Project("{FAE04EC0-301F-11D3-BF4B-00C04F79EFBC}") = "SystemWeb", "IdentityModel\SystemWeb\SystemWeb.csproj", "{976EBA28-8B93-4BB6-A7A5-64350FCC1824}"
EndProject
Project("{FAE04EC0-301F-11D3-BF4B-00C04F79EFBC}") = "Wcf", "IdentityModel\Wcf\Wcf.csproj", "{C08466EF-94CE-4FEB-AEE3-330DC51B11EA}"
EndProject
Project("{FAE04EC0-301F-11D3-BF4B-00C04F79EFBC}") = "WebApi", "IdentityModel\WebApi\WebApi.csproj", "{986B606C-7163-4621-A8BD-F4705DCC8A90}"
EndProject
Project("{FAE04EC0-301F-11D3-BF4B-00C04F79EFBC}") = "WebApi.AuthNHandler", "IdentityModel\WebApi.AuthNHandler\WebApi.AuthNHandler.csproj", "{4FBEE49E-C5CB-4CAE-A770-E6B2459AAB86}"
EndProject
Project("{FAE04EC0-301F-11D3-BF4B-00C04F79EFBC}") = "WebApi.ScopeAuthorization", "IdentityModel\WebApi.ScopeAuthorization\WebApi.ScopeAuthorization.csproj", "{1AD7A066-A6B9-4903-B049-32462609D05C}"
EndProject
Project("{FAE04EC0-301F-11D3-BF4B-00C04F79EFBC}") = "Core.EntityFramework", "Core.EntityFramework\Core.EntityFramework.csproj", "{D4C0430D-3B41-422A-B1A6-BA6C68400FF1}"
EndProject
Project("{FAE04EC0-301F-11D3-BF4B-00C04F79EFBC}") = "MvcSample", "Samples\MvcSample\MvcSample.csproj", "{DB5AC97F-CE04-4D79-AA09-27EB1A3FCAC9}"
EndProject
Global
	GlobalSection(SharedMSBuildProjectFiles) = preSolution
		IdentityModel\Client.Shared\Client.Shared.projitems*{917eb5f1-d71f-4e4f-97a6-c68704478b01}*SharedItemsImports = 13
		IdentityModel\Client.Shared\Client.Shared.projitems*{683b2b88-8dfe-4d09-b43e-269caf1da2c7}*SharedItemsImports = 4
	EndGlobalSection
	GlobalSection(SolutionConfigurationPlatforms) = preSolution
		AzureWebSites|Any CPU = AzureWebSites|Any CPU
		Debug|Any CPU = Debug|Any CPU
		Release|Any CPU = Release|Any CPU
	EndGlobalSection
	GlobalSection(ProjectConfigurationPlatforms) = postSolution
		{69BA20A4-E2A4-4DF6-8560-47E7EA0A60D4}.AzureWebSites|Any CPU.ActiveCfg = Release|Any CPU
		{69BA20A4-E2A4-4DF6-8560-47E7EA0A60D4}.AzureWebSites|Any CPU.Build.0 = Release|Any CPU
		{69BA20A4-E2A4-4DF6-8560-47E7EA0A60D4}.Debug|Any CPU.ActiveCfg = Debug|Any CPU
		{69BA20A4-E2A4-4DF6-8560-47E7EA0A60D4}.Debug|Any CPU.Build.0 = Debug|Any CPU
		{69BA20A4-E2A4-4DF6-8560-47E7EA0A60D4}.Release|Any CPU.ActiveCfg = Release|Any CPU
		{69BA20A4-E2A4-4DF6-8560-47E7EA0A60D4}.Release|Any CPU.Build.0 = Release|Any CPU
		{FB9E026E-BAB3-498A-A954-B93B05C146A5}.AzureWebSites|Any CPU.ActiveCfg = AzureWebSites|Any CPU
		{FB9E026E-BAB3-498A-A954-B93B05C146A5}.AzureWebSites|Any CPU.Build.0 = AzureWebSites|Any CPU
		{FB9E026E-BAB3-498A-A954-B93B05C146A5}.Debug|Any CPU.ActiveCfg = Debug|Any CPU
		{FB9E026E-BAB3-498A-A954-B93B05C146A5}.Debug|Any CPU.Build.0 = Debug|Any CPU
		{FB9E026E-BAB3-498A-A954-B93B05C146A5}.Release|Any CPU.ActiveCfg = Release|Any CPU
		{FB9E026E-BAB3-498A-A954-B93B05C146A5}.Release|Any CPU.Build.0 = Release|Any CPU
		{487DBBB4-5462-485D-89F2-C57B4D2B134A}.AzureWebSites|Any CPU.ActiveCfg = Release|Any CPU
		{487DBBB4-5462-485D-89F2-C57B4D2B134A}.AzureWebSites|Any CPU.Build.0 = Release|Any CPU
		{487DBBB4-5462-485D-89F2-C57B4D2B134A}.Debug|Any CPU.ActiveCfg = Debug|Any CPU
		{487DBBB4-5462-485D-89F2-C57B4D2B134A}.Debug|Any CPU.Build.0 = Debug|Any CPU
		{487DBBB4-5462-485D-89F2-C57B4D2B134A}.Release|Any CPU.ActiveCfg = Release|Any CPU
		{487DBBB4-5462-485D-89F2-C57B4D2B134A}.Release|Any CPU.Build.0 = Release|Any CPU
		{DF867B5D-3A9E-443A-B95E-D8F11E2A88A3}.AzureWebSites|Any CPU.ActiveCfg = Release|Any CPU
		{DF867B5D-3A9E-443A-B95E-D8F11E2A88A3}.AzureWebSites|Any CPU.Build.0 = Release|Any CPU
		{DF867B5D-3A9E-443A-B95E-D8F11E2A88A3}.Debug|Any CPU.ActiveCfg = Debug|Any CPU
		{DF867B5D-3A9E-443A-B95E-D8F11E2A88A3}.Debug|Any CPU.Build.0 = Debug|Any CPU
		{DF867B5D-3A9E-443A-B95E-D8F11E2A88A3}.Release|Any CPU.ActiveCfg = Release|Any CPU
		{DF867B5D-3A9E-443A-B95E-D8F11E2A88A3}.Release|Any CPU.Build.0 = Release|Any CPU
		{AD18E899-89C1-4101-8D68-56674BA9D483}.AzureWebSites|Any CPU.ActiveCfg = Release|Any CPU
		{AD18E899-89C1-4101-8D68-56674BA9D483}.AzureWebSites|Any CPU.Build.0 = Release|Any CPU
		{AD18E899-89C1-4101-8D68-56674BA9D483}.Debug|Any CPU.ActiveCfg = Debug|Any CPU
		{AD18E899-89C1-4101-8D68-56674BA9D483}.Debug|Any CPU.Build.0 = Debug|Any CPU
		{AD18E899-89C1-4101-8D68-56674BA9D483}.Release|Any CPU.ActiveCfg = Release|Any CPU
		{AD18E899-89C1-4101-8D68-56674BA9D483}.Release|Any CPU.Build.0 = Release|Any CPU
		{683B2B88-8DFE-4D09-B43E-269CAF1DA2C7}.AzureWebSites|Any CPU.ActiveCfg = Release|Any CPU
		{683B2B88-8DFE-4D09-B43E-269CAF1DA2C7}.AzureWebSites|Any CPU.Build.0 = Release|Any CPU
		{683B2B88-8DFE-4D09-B43E-269CAF1DA2C7}.Debug|Any CPU.ActiveCfg = Debug|Any CPU
		{683B2B88-8DFE-4D09-B43E-269CAF1DA2C7}.Debug|Any CPU.Build.0 = Debug|Any CPU
		{683B2B88-8DFE-4D09-B43E-269CAF1DA2C7}.Release|Any CPU.ActiveCfg = Release|Any CPU
		{683B2B88-8DFE-4D09-B43E-269CAF1DA2C7}.Release|Any CPU.Build.0 = Release|Any CPU
		{7FAD936F-3F5C-4D31-B733-0B76AE4D1034}.AzureWebSites|Any CPU.ActiveCfg = Release|Any CPU
		{7FAD936F-3F5C-4D31-B733-0B76AE4D1034}.AzureWebSites|Any CPU.Build.0 = Release|Any CPU
		{7FAD936F-3F5C-4D31-B733-0B76AE4D1034}.Debug|Any CPU.ActiveCfg = Debug|Any CPU
		{7FAD936F-3F5C-4D31-B733-0B76AE4D1034}.Debug|Any CPU.Build.0 = Debug|Any CPU
		{7FAD936F-3F5C-4D31-B733-0B76AE4D1034}.Release|Any CPU.ActiveCfg = Release|Any CPU
		{7FAD936F-3F5C-4D31-B733-0B76AE4D1034}.Release|Any CPU.Build.0 = Release|Any CPU
		{408440E6-E84F-4ECD-AEBA-F3D963EAC166}.AzureWebSites|Any CPU.ActiveCfg = Release|Any CPU
		{408440E6-E84F-4ECD-AEBA-F3D963EAC166}.AzureWebSites|Any CPU.Build.0 = Release|Any CPU
		{408440E6-E84F-4ECD-AEBA-F3D963EAC166}.Debug|Any CPU.ActiveCfg = Debug|Any CPU
		{408440E6-E84F-4ECD-AEBA-F3D963EAC166}.Debug|Any CPU.Build.0 = Debug|Any CPU
		{408440E6-E84F-4ECD-AEBA-F3D963EAC166}.Release|Any CPU.ActiveCfg = Release|Any CPU
		{408440E6-E84F-4ECD-AEBA-F3D963EAC166}.Release|Any CPU.Build.0 = Release|Any CPU
		{98905541-49D5-44E1-BA0A-6AE9AE0CCB66}.AzureWebSites|Any CPU.ActiveCfg = Release|Any CPU
		{98905541-49D5-44E1-BA0A-6AE9AE0CCB66}.AzureWebSites|Any CPU.Build.0 = Release|Any CPU
		{98905541-49D5-44E1-BA0A-6AE9AE0CCB66}.Debug|Any CPU.ActiveCfg = Debug|Any CPU
		{98905541-49D5-44E1-BA0A-6AE9AE0CCB66}.Debug|Any CPU.Build.0 = Debug|Any CPU
		{98905541-49D5-44E1-BA0A-6AE9AE0CCB66}.Release|Any CPU.ActiveCfg = Release|Any CPU
		{98905541-49D5-44E1-BA0A-6AE9AE0CCB66}.Release|Any CPU.Build.0 = Release|Any CPU
		{2AFD23F2-D3DF-4A25-A851-817E736318FA}.AzureWebSites|Any CPU.ActiveCfg = Release|Any CPU
		{2AFD23F2-D3DF-4A25-A851-817E736318FA}.AzureWebSites|Any CPU.Build.0 = Release|Any CPU
		{2AFD23F2-D3DF-4A25-A851-817E736318FA}.Debug|Any CPU.ActiveCfg = Debug|Any CPU
		{2AFD23F2-D3DF-4A25-A851-817E736318FA}.Debug|Any CPU.Build.0 = Debug|Any CPU
		{2AFD23F2-D3DF-4A25-A851-817E736318FA}.Release|Any CPU.ActiveCfg = Release|Any CPU
		{2AFD23F2-D3DF-4A25-A851-817E736318FA}.Release|Any CPU.Build.0 = Release|Any CPU
		{20C35BA9-0C51-44E2-9871-0CA7CFAED835}.AzureWebSites|Any CPU.ActiveCfg = Release|Any CPU
		{20C35BA9-0C51-44E2-9871-0CA7CFAED835}.AzureWebSites|Any CPU.Build.0 = Release|Any CPU
		{20C35BA9-0C51-44E2-9871-0CA7CFAED835}.Debug|Any CPU.ActiveCfg = Debug|Any CPU
		{20C35BA9-0C51-44E2-9871-0CA7CFAED835}.Debug|Any CPU.Build.0 = Debug|Any CPU
		{20C35BA9-0C51-44E2-9871-0CA7CFAED835}.Release|Any CPU.ActiveCfg = Release|Any CPU
		{20C35BA9-0C51-44E2-9871-0CA7CFAED835}.Release|Any CPU.Build.0 = Release|Any CPU
		{78C4352E-386D-4B7E-A1AA-01F77ABB27A9}.AzureWebSites|Any CPU.ActiveCfg = Release|Any CPU
		{78C4352E-386D-4B7E-A1AA-01F77ABB27A9}.AzureWebSites|Any CPU.Build.0 = Release|Any CPU
		{78C4352E-386D-4B7E-A1AA-01F77ABB27A9}.Debug|Any CPU.ActiveCfg = Debug|Any CPU
		{78C4352E-386D-4B7E-A1AA-01F77ABB27A9}.Debug|Any CPU.Build.0 = Debug|Any CPU
		{78C4352E-386D-4B7E-A1AA-01F77ABB27A9}.Release|Any CPU.ActiveCfg = Release|Any CPU
		{78C4352E-386D-4B7E-A1AA-01F77ABB27A9}.Release|Any CPU.Build.0 = Release|Any CPU
		{FE64BC6B-ED46-4712-A2A0-29DAB8182313}.AzureWebSites|Any CPU.ActiveCfg = Release|Any CPU
		{FE64BC6B-ED46-4712-A2A0-29DAB8182313}.AzureWebSites|Any CPU.Build.0 = Release|Any CPU
		{FE64BC6B-ED46-4712-A2A0-29DAB8182313}.Debug|Any CPU.ActiveCfg = Debug|Any CPU
		{FE64BC6B-ED46-4712-A2A0-29DAB8182313}.Debug|Any CPU.Build.0 = Debug|Any CPU
		{FE64BC6B-ED46-4712-A2A0-29DAB8182313}.Release|Any CPU.ActiveCfg = Release|Any CPU
		{FE64BC6B-ED46-4712-A2A0-29DAB8182313}.Release|Any CPU.Build.0 = Release|Any CPU
		{70D7B120-A68B-43F3-8317-398C36B1B491}.AzureWebSites|Any CPU.ActiveCfg = Release|Any CPU
		{70D7B120-A68B-43F3-8317-398C36B1B491}.AzureWebSites|Any CPU.Build.0 = Release|Any CPU
		{70D7B120-A68B-43F3-8317-398C36B1B491}.Debug|Any CPU.ActiveCfg = Debug|Any CPU
		{70D7B120-A68B-43F3-8317-398C36B1B491}.Debug|Any CPU.Build.0 = Debug|Any CPU
		{70D7B120-A68B-43F3-8317-398C36B1B491}.Release|Any CPU.ActiveCfg = Release|Any CPU
		{70D7B120-A68B-43F3-8317-398C36B1B491}.Release|Any CPU.Build.0 = Release|Any CPU
		{8FFA817F-8520-4F90-BE41-A38EB4CBA73D}.AzureWebSites|Any CPU.ActiveCfg = Release|Any CPU
		{8FFA817F-8520-4F90-BE41-A38EB4CBA73D}.AzureWebSites|Any CPU.Build.0 = Release|Any CPU
		{8FFA817F-8520-4F90-BE41-A38EB4CBA73D}.Debug|Any CPU.ActiveCfg = Debug|Any CPU
		{8FFA817F-8520-4F90-BE41-A38EB4CBA73D}.Debug|Any CPU.Build.0 = Debug|Any CPU
		{8FFA817F-8520-4F90-BE41-A38EB4CBA73D}.Release|Any CPU.ActiveCfg = Release|Any CPU
		{8FFA817F-8520-4F90-BE41-A38EB4CBA73D}.Release|Any CPU.Build.0 = Release|Any CPU
		{35EEF778-E1E2-4C99-82A4-08014401ADC4}.AzureWebSites|Any CPU.ActiveCfg = Release|Any CPU
		{35EEF778-E1E2-4C99-82A4-08014401ADC4}.AzureWebSites|Any CPU.Build.0 = Release|Any CPU
		{35EEF778-E1E2-4C99-82A4-08014401ADC4}.Debug|Any CPU.ActiveCfg = Debug|Any CPU
		{35EEF778-E1E2-4C99-82A4-08014401ADC4}.Debug|Any CPU.Build.0 = Debug|Any CPU
		{35EEF778-E1E2-4C99-82A4-08014401ADC4}.Release|Any CPU.ActiveCfg = Release|Any CPU
		{35EEF778-E1E2-4C99-82A4-08014401ADC4}.Release|Any CPU.Build.0 = Release|Any CPU
		{0E511140-3307-48D3-BDEC-A841D250D00B}.AzureWebSites|Any CPU.ActiveCfg = Release|Any CPU
		{0E511140-3307-48D3-BDEC-A841D250D00B}.AzureWebSites|Any CPU.Build.0 = Release|Any CPU
		{0E511140-3307-48D3-BDEC-A841D250D00B}.Debug|Any CPU.ActiveCfg = Debug|Any CPU
		{0E511140-3307-48D3-BDEC-A841D250D00B}.Debug|Any CPU.Build.0 = Debug|Any CPU
		{0E511140-3307-48D3-BDEC-A841D250D00B}.Release|Any CPU.ActiveCfg = Release|Any CPU
		{0E511140-3307-48D3-BDEC-A841D250D00B}.Release|Any CPU.Build.0 = Release|Any CPU
		{6735238C-6066-4924-A0AC-81669AA87744}.AzureWebSites|Any CPU.ActiveCfg = Release|Any CPU
		{6735238C-6066-4924-A0AC-81669AA87744}.AzureWebSites|Any CPU.Build.0 = Release|Any CPU
		{6735238C-6066-4924-A0AC-81669AA87744}.Debug|Any CPU.ActiveCfg = Debug|Any CPU
		{6735238C-6066-4924-A0AC-81669AA87744}.Debug|Any CPU.Build.0 = Debug|Any CPU
		{6735238C-6066-4924-A0AC-81669AA87744}.Release|Any CPU.ActiveCfg = Release|Any CPU
		{6735238C-6066-4924-A0AC-81669AA87744}.Release|Any CPU.Build.0 = Release|Any CPU
		{D2D4FED1-5FCE-4CDA-BA24-0D15D874104B}.AzureWebSites|Any CPU.ActiveCfg = Release|Any CPU
		{D2D4FED1-5FCE-4CDA-BA24-0D15D874104B}.AzureWebSites|Any CPU.Build.0 = Release|Any CPU
		{D2D4FED1-5FCE-4CDA-BA24-0D15D874104B}.Debug|Any CPU.ActiveCfg = Debug|Any CPU
		{D2D4FED1-5FCE-4CDA-BA24-0D15D874104B}.Debug|Any CPU.Build.0 = Debug|Any CPU
		{D2D4FED1-5FCE-4CDA-BA24-0D15D874104B}.Release|Any CPU.ActiveCfg = Release|Any CPU
		{D2D4FED1-5FCE-4CDA-BA24-0D15D874104B}.Release|Any CPU.Build.0 = Release|Any CPU
		{75CC1E99-3401-4E71-855F-842C80BA3B3D}.AzureWebSites|Any CPU.ActiveCfg = Release|Any CPU
		{75CC1E99-3401-4E71-855F-842C80BA3B3D}.AzureWebSites|Any CPU.Build.0 = Release|Any CPU
		{75CC1E99-3401-4E71-855F-842C80BA3B3D}.Debug|Any CPU.ActiveCfg = Debug|Any CPU
		{75CC1E99-3401-4E71-855F-842C80BA3B3D}.Debug|Any CPU.Build.0 = Debug|Any CPU
		{75CC1E99-3401-4E71-855F-842C80BA3B3D}.Release|Any CPU.ActiveCfg = Release|Any CPU
		{75CC1E99-3401-4E71-855F-842C80BA3B3D}.Release|Any CPU.Build.0 = Release|Any CPU
		{976EBA28-8B93-4BB6-A7A5-64350FCC1824}.AzureWebSites|Any CPU.ActiveCfg = Release|Any CPU
		{976EBA28-8B93-4BB6-A7A5-64350FCC1824}.AzureWebSites|Any CPU.Build.0 = Release|Any CPU
		{976EBA28-8B93-4BB6-A7A5-64350FCC1824}.Debug|Any CPU.ActiveCfg = Debug|Any CPU
		{976EBA28-8B93-4BB6-A7A5-64350FCC1824}.Debug|Any CPU.Build.0 = Debug|Any CPU
		{976EBA28-8B93-4BB6-A7A5-64350FCC1824}.Release|Any CPU.ActiveCfg = Release|Any CPU
		{976EBA28-8B93-4BB6-A7A5-64350FCC1824}.Release|Any CPU.Build.0 = Release|Any CPU
		{C08466EF-94CE-4FEB-AEE3-330DC51B11EA}.AzureWebSites|Any CPU.ActiveCfg = Release|Any CPU
		{C08466EF-94CE-4FEB-AEE3-330DC51B11EA}.AzureWebSites|Any CPU.Build.0 = Release|Any CPU
		{C08466EF-94CE-4FEB-AEE3-330DC51B11EA}.Debug|Any CPU.ActiveCfg = Debug|Any CPU
		{C08466EF-94CE-4FEB-AEE3-330DC51B11EA}.Debug|Any CPU.Build.0 = Debug|Any CPU
		{C08466EF-94CE-4FEB-AEE3-330DC51B11EA}.Release|Any CPU.ActiveCfg = Release|Any CPU
		{C08466EF-94CE-4FEB-AEE3-330DC51B11EA}.Release|Any CPU.Build.0 = Release|Any CPU
		{986B606C-7163-4621-A8BD-F4705DCC8A90}.AzureWebSites|Any CPU.ActiveCfg = Release|Any CPU
		{986B606C-7163-4621-A8BD-F4705DCC8A90}.AzureWebSites|Any CPU.Build.0 = Release|Any CPU
		{986B606C-7163-4621-A8BD-F4705DCC8A90}.Debug|Any CPU.ActiveCfg = Debug|Any CPU
		{986B606C-7163-4621-A8BD-F4705DCC8A90}.Debug|Any CPU.Build.0 = Debug|Any CPU
		{986B606C-7163-4621-A8BD-F4705DCC8A90}.Release|Any CPU.ActiveCfg = Release|Any CPU
		{986B606C-7163-4621-A8BD-F4705DCC8A90}.Release|Any CPU.Build.0 = Release|Any CPU
		{4FBEE49E-C5CB-4CAE-A770-E6B2459AAB86}.AzureWebSites|Any CPU.ActiveCfg = Release|Any CPU
		{4FBEE49E-C5CB-4CAE-A770-E6B2459AAB86}.AzureWebSites|Any CPU.Build.0 = Release|Any CPU
		{4FBEE49E-C5CB-4CAE-A770-E6B2459AAB86}.Debug|Any CPU.ActiveCfg = Debug|Any CPU
		{4FBEE49E-C5CB-4CAE-A770-E6B2459AAB86}.Debug|Any CPU.Build.0 = Debug|Any CPU
		{4FBEE49E-C5CB-4CAE-A770-E6B2459AAB86}.Release|Any CPU.ActiveCfg = Release|Any CPU
		{4FBEE49E-C5CB-4CAE-A770-E6B2459AAB86}.Release|Any CPU.Build.0 = Release|Any CPU
		{1AD7A066-A6B9-4903-B049-32462609D05C}.AzureWebSites|Any CPU.ActiveCfg = Release|Any CPU
		{1AD7A066-A6B9-4903-B049-32462609D05C}.AzureWebSites|Any CPU.Build.0 = Release|Any CPU
		{1AD7A066-A6B9-4903-B049-32462609D05C}.Debug|Any CPU.ActiveCfg = Debug|Any CPU
		{1AD7A066-A6B9-4903-B049-32462609D05C}.Debug|Any CPU.Build.0 = Debug|Any CPU
		{1AD7A066-A6B9-4903-B049-32462609D05C}.Release|Any CPU.ActiveCfg = Release|Any CPU
		{1AD7A066-A6B9-4903-B049-32462609D05C}.Release|Any CPU.Build.0 = Release|Any CPU
		{D4C0430D-3B41-422A-B1A6-BA6C68400FF1}.AzureWebSites|Any CPU.ActiveCfg = Release|Any CPU
		{D4C0430D-3B41-422A-B1A6-BA6C68400FF1}.AzureWebSites|Any CPU.Build.0 = Release|Any CPU
		{D4C0430D-3B41-422A-B1A6-BA6C68400FF1}.Debug|Any CPU.ActiveCfg = Debug|Any CPU
		{D4C0430D-3B41-422A-B1A6-BA6C68400FF1}.Debug|Any CPU.Build.0 = Debug|Any CPU
		{D4C0430D-3B41-422A-B1A6-BA6C68400FF1}.Release|Any CPU.ActiveCfg = Release|Any CPU
		{D4C0430D-3B41-422A-B1A6-BA6C68400FF1}.Release|Any CPU.Build.0 = Release|Any CPU
		{DB5AC97F-CE04-4D79-AA09-27EB1A3FCAC9}.AzureWebSites|Any CPU.ActiveCfg = Release|Any CPU
		{DB5AC97F-CE04-4D79-AA09-27EB1A3FCAC9}.AzureWebSites|Any CPU.Build.0 = Release|Any CPU
		{DB5AC97F-CE04-4D79-AA09-27EB1A3FCAC9}.Debug|Any CPU.ActiveCfg = Debug|Any CPU
		{DB5AC97F-CE04-4D79-AA09-27EB1A3FCAC9}.Debug|Any CPU.Build.0 = Debug|Any CPU
		{DB5AC97F-CE04-4D79-AA09-27EB1A3FCAC9}.Release|Any CPU.ActiveCfg = Release|Any CPU
		{DB5AC97F-CE04-4D79-AA09-27EB1A3FCAC9}.Release|Any CPU.Build.0 = Release|Any CPU
	EndGlobalSection
	GlobalSection(SolutionProperties) = preSolution
		HideSolutionNode = FALSE
	EndGlobalSection
	GlobalSection(NestedProjects) = preSolution
		{487DBBB4-5462-485D-89F2-C57B4D2B134A} = {F8158B11-8616-441F-BD8D-C7AF76B7F608}
		{AD18E899-89C1-4101-8D68-56674BA9D483} = {F8158B11-8616-441F-BD8D-C7AF76B7F608}
		{683B2B88-8DFE-4D09-B43E-269CAF1DA2C7} = {C302C5B6-90F4-48AA-A2A3-023E96ACE59A}
		{917EB5F1-D71F-4E4F-97A6-C68704478B01} = {C302C5B6-90F4-48AA-A2A3-023E96ACE59A}
		{7FAD936F-3F5C-4D31-B733-0B76AE4D1034} = {C302C5B6-90F4-48AA-A2A3-023E96ACE59A}
		{408440E6-E84F-4ECD-AEBA-F3D963EAC166} = {C302C5B6-90F4-48AA-A2A3-023E96ACE59A}
		{98905541-49D5-44E1-BA0A-6AE9AE0CCB66} = {C302C5B6-90F4-48AA-A2A3-023E96ACE59A}
		{2AFD23F2-D3DF-4A25-A851-817E736318FA} = {C302C5B6-90F4-48AA-A2A3-023E96ACE59A}
		{20C35BA9-0C51-44E2-9871-0CA7CFAED835} = {C302C5B6-90F4-48AA-A2A3-023E96ACE59A}
		{78C4352E-386D-4B7E-A1AA-01F77ABB27A9} = {C302C5B6-90F4-48AA-A2A3-023E96ACE59A}
		{FE64BC6B-ED46-4712-A2A0-29DAB8182313} = {C302C5B6-90F4-48AA-A2A3-023E96ACE59A}
		{70D7B120-A68B-43F3-8317-398C36B1B491} = {C302C5B6-90F4-48AA-A2A3-023E96ACE59A}
		{8FFA817F-8520-4F90-BE41-A38EB4CBA73D} = {C302C5B6-90F4-48AA-A2A3-023E96ACE59A}
		{35EEF778-E1E2-4C99-82A4-08014401ADC4} = {C302C5B6-90F4-48AA-A2A3-023E96ACE59A}
		{0E511140-3307-48D3-BDEC-A841D250D00B} = {C302C5B6-90F4-48AA-A2A3-023E96ACE59A}
		{6735238C-6066-4924-A0AC-81669AA87744} = {C302C5B6-90F4-48AA-A2A3-023E96ACE59A}
		{D2D4FED1-5FCE-4CDA-BA24-0D15D874104B} = {C302C5B6-90F4-48AA-A2A3-023E96ACE59A}
		{75CC1E99-3401-4E71-855F-842C80BA3B3D} = {C302C5B6-90F4-48AA-A2A3-023E96ACE59A}
		{976EBA28-8B93-4BB6-A7A5-64350FCC1824} = {C302C5B6-90F4-48AA-A2A3-023E96ACE59A}
		{C08466EF-94CE-4FEB-AEE3-330DC51B11EA} = {C302C5B6-90F4-48AA-A2A3-023E96ACE59A}
		{986B606C-7163-4621-A8BD-F4705DCC8A90} = {C302C5B6-90F4-48AA-A2A3-023E96ACE59A}
		{4FBEE49E-C5CB-4CAE-A770-E6B2459AAB86} = {C302C5B6-90F4-48AA-A2A3-023E96ACE59A}
		{1AD7A066-A6B9-4903-B049-32462609D05C} = {C302C5B6-90F4-48AA-A2A3-023E96ACE59A}
		{DB5AC97F-CE04-4D79-AA09-27EB1A3FCAC9} = {F8158B11-8616-441F-BD8D-C7AF76B7F608}
	EndGlobalSection
EndGlobal
